# THIS IS AN AUTOGENERATED FILE. DO NOT EDIT THIS FILE DIRECTLY.
# yarn lockfile v1


"@cronvel/get-pixels@^3.4.1":
  version "3.4.1"
  resolved "https://registry.yarnpkg.com/@cronvel/get-pixels/-/get-pixels-3.4.1.tgz#6028de81152e73870ebec0c254f6b727afbd9a34"
  integrity sha512-gB5C5nDIacLUdsMuW8YsM9SzK3vaFANe4J11CVXpovpy7bZUGrcJKmc6m/0gWG789pKr6XSZY2aEetjFvSRw5g==
  dependencies:
    jpeg-js "^0.4.4"
    ndarray "^1.0.19"
    ndarray-pack "^1.1.1"
    node-bitmap "0.0.1"
    omggif "^1.0.10"
    pngjs "^6.0.0"

"@types/nextgen-events@*":
  version "1.1.2"
  resolved "https://registry.yarnpkg.com/@types/nextgen-events/-/nextgen-events-1.1.2.tgz#e3ebea973a3e1c318fc0087ac9582f76cd772c60"
  integrity sha512-OULZqKMn+YiJozWmGE3pN1nlkhWENeKelsAAL1IR4neIEprcA7UelPr6P0+881Wfb9DnkQxj06QTtIQ08gdPqA==

"@types/terminal-kit@^2.5.2":
  version "2.5.2"
  resolved "https://registry.yarnpkg.com/@types/terminal-kit/-/terminal-kit-2.5.2.tgz#4cf2961dbbb996f6c3d0e22ae926d6459bda4fb2"
  integrity sha512-WGLshu4tbU82G+QmikPEVwlDH8itM2ujzcj5Y4AdG43qHNIeyLIt2DeN91lHtnhCgNtTfvdeZD5jZAquDC9qUg==
  dependencies:
    "@types/nextgen-events" "*"

buffer-crc32@~0.2.3:
  version "0.2.13"
  resolved "https://registry.yarnpkg.com/buffer-crc32/-/buffer-crc32-0.2.13.tgz#0d333e3f00eac50aa1454abd30ef8c2a5d9a7242"
  integrity sha512-VO9Ht/+p3SN7SKWqcrgEzjGbRSJYTx+Q1pTQC0wrWqHx0vpJraQ6GtHx8tvcg1rlK1byhU5gccxgOgj7B0TDkQ==

chroma-js@^2.4.2:
  version "2.4.2"
  resolved "https://registry.yarnpkg.com/chroma-js/-/chroma-js-2.4.2.tgz#dffc214ed0c11fa8eefca2c36651d8e57cbfb2b0"
  integrity sha512-U9eDw6+wt7V8z5NncY2jJfZa+hUH8XEj8FQHgFJTrUFnJfXYf4Ml4adI2vXZOjqRDpFWtYVWypDfZwnJ+HIR4A==

cwise-compiler@^1.1.2:
  version "1.1.3"
  resolved "https://registry.yarnpkg.com/cwise-compiler/-/cwise-compiler-1.1.3.tgz#f4d667410e850d3a313a7d2db7b1e505bb034cc5"
  integrity sha512-WXlK/m+Di8DMMcCjcWr4i+XzcQra9eCdXIJrgh4TUgh0pIS/yJduLxS9JgefsHJ/YVLdgPtXm9r62W92MvanEQ==
  dependencies:
    uniq "^1.0.0"

fd-slicer@~1.1.0:
  version "1.1.0"
  resolved "https://registry.yarnpkg.com/fd-slicer/-/fd-slicer-1.1.0.tgz#25c7c89cb1f9077f8891bbe61d8f390eae256f1e"
  integrity sha512-cE1qsB/VwyQozZ+q1dGxR8LBYNZeofhEdUNGSMbQD3Gw2lAzX9Zb3uIU6Ebc/Fmyjo9AWWfnn0AUCHqtevs/8g==
  dependencies:
    pend "~1.2.0"

iota-array@^1.0.0:
  version "1.0.0"
  resolved "https://registry.yarnpkg.com/iota-array/-/iota-array-1.0.0.tgz#81ef57fe5d05814cd58c2483632a99c30a0e8087"
  integrity sha512-pZ2xT+LOHckCatGQ3DcG/a+QuEqvoxqkiL7tvE8nn3uuu+f6i1TtpB5/FtWFbxUuVr5PZCx8KskuGatbJDXOWA==

is-buffer@^1.0.2:
  version "1.1.6"
  resolved "https://registry.yarnpkg.com/is-buffer/-/is-buffer-1.1.6.tgz#efaa2ea9daa0d7ab2ea13a97b2b8ad51fefbe8be"
  integrity sha512-NcdALwpXkTm5Zvvbk7owOUSvVvBKDgKP5/ewfXEznmQFfs4ZRmanOeKBTjRVjka3QFoN6XJ+9F3USqfHqTaU5w==

jpeg-js@^0.4.4:
  version "0.4.4"
  resolved "https://registry.yarnpkg.com/jpeg-js/-/jpeg-js-0.4.4.tgz#a9f1c6f1f9f0fa80cdb3484ed9635054d28936aa"
  integrity sha512-WZzeDOEtTOBK4Mdsar0IqEU5sMr3vSV2RqkAIzUEV2BHnUfKGyswWFPFwK5EeDo93K3FohSHbLAjj0s1Wzd+dg==

lazyness@^1.2.0:
  version "1.2.0"
  resolved "https://registry.yarnpkg.com/lazyness/-/lazyness-1.2.0.tgz#5dc0f02c37280436b21f0e4918ce6e72a109c657"
  integrity sha512-KenL6EFbwxBwRxG93t0gcUyi0Nw0Ub31FJKN1laA4UscdkL1K1AxUd0gYZdcLU3v+x+wcFi4uQKS5hL+fk500g==

ndarray-pack@^1.1.1:
  version "1.2.1"
  resolved "https://registry.yarnpkg.com/ndarray-pack/-/ndarray-pack-1.2.1.tgz#8caebeaaa24d5ecf70ff86020637977da8ee585a"
  integrity sha512-51cECUJMT0rUZNQa09EoKsnFeDL4x2dHRT0VR5U2H5ZgEcm95ZDWcMA5JShroXjHOejmAD/fg8+H+OvUnVXz2g==
  dependencies:
    cwise-compiler "^1.1.2"
    ndarray "^1.0.13"

ndarray@^1.0.13, ndarray@^1.0.19:
  version "1.0.19"
  resolved "https://registry.yarnpkg.com/ndarray/-/ndarray-1.0.19.tgz#6785b5f5dfa58b83e31ae5b2a058cfd1ab3f694e"
  integrity sha512-B4JHA4vdyZU30ELBw3g7/p9bZupyew5a7tX1Y/gGeF2hafrPaQZhgrGQfsvgfYbgdFZjYwuEcnaobeM/WMW+HQ==
  dependencies:
    iota-array "^1.0.0"
    is-buffer "^1.0.2"

nextgen-events@^1.5.3:
  version "1.5.3"
  resolved "https://registry.yarnpkg.com/nextgen-events/-/nextgen-events-1.5.3.tgz#89a657720fffbfdef646f2769ac6fcc6c4f79789"
  integrity sha512-P6qw6kenNXP+J9XlKJNi/MNHUQ+Lx5K8FEcSfX7/w8KJdZan5+BB5MKzuNgL2RTjHG1Svg8SehfseVEp8zAqwA==

node-bitmap@0.0.1:
  version "0.0.1"
  resolved "https://registry.yarnpkg.com/node-bitmap/-/node-bitmap-0.0.1.tgz#180eac7003e0c707618ef31368f62f84b2a69091"
  integrity sha512-Jx5lPaaLdIaOsj2mVLWMWulXF6GQVdyLvNSxmiYCvZ8Ma2hfKX0POoR2kgKOqz+oFsRreq0yYZjQ2wjE9VNzCA==

omggif@^1.0.10:
  version "1.0.10"
  resolved "https://registry.yarnpkg.com/omggif/-/omggif-1.0.10.tgz#ddaaf90d4a42f532e9e7cb3a95ecdd47f17c7b19"
  integrity sha512-LMJTtvgc/nugXj0Vcrrs68Mn2D1r0zf630VNtqtpI1FEO7e+O9FP4gqs9AcnBaSEeoHIPm28u6qgPR0oyEpGSw==

pend@~1.2.0:
  version "1.2.0"
  resolved "https://registry.yarnpkg.com/pend/-/pend-1.2.0.tgz#7a57eb550a6783f9115331fcf4663d5c8e007a50"
  integrity sha512-F3asv42UuXchdzt+xXqfW1OGlVBe+mxa2mqI0pg5yAHZPvFmY3Y6drSf/GQ1A86WgWEN9Kzh/WrgKa6iGcHXLg==

pngjs@^6.0.0:
  version "6.0.0"
  resolved "https://registry.yarnpkg.com/pngjs/-/pngjs-6.0.0.tgz#ca9e5d2aa48db0228a52c419c3308e87720da821"
  integrity sha512-TRzzuFRRmEoSW/p1KVAmiOgPco2Irlah+bGFCeNfJXxxYGwSw7YwAOAcd7X28K/m5bjBWKsC29KyoMfHbypayg==

setimmediate@^1.0.5:
  version "1.0.5"
  resolved "https://registry.yarnpkg.com/setimmediate/-/setimmediate-1.0.5.tgz#290cbb232e306942d7d7ea9b83732ab7856f8285"
  integrity sha512-MATJdZp8sLqDl/68LfQmbP8zKPLQNV6BIZoIgrscFDQ+RsvK/BxeDQOgyxKKoh0y/8h3BqVFnCqQ/gd+reiIXA==

seventh@^0.8.1:
  version "0.8.3"
  resolved "https://registry.yarnpkg.com/seventh/-/seventh-0.8.3.tgz#41b46b6a64c0b149174f5ec72926b30381defd77"
  integrity sha512-iMKkXvJdFwp7Rq/mfoi9ExRER0tJ5wjM/lh/9s4zESYoujrgh1ouRwhCWDfZryerhq1U+nXrhDeT4DhbunF0CA==
  dependencies:
    setimmediate "^1.0.5"

string-kit@^0.17.6:
  version "0.17.10"
  resolved "https://registry.yarnpkg.com/string-kit/-/string-kit-0.17.10.tgz#94156ed92a3a75be7c7f2b2cff35c6c5dc8e3dc6"
  integrity sha512-n3/2BeEJrlzztoxeBTt9DVh0dfHordBuZoFsSJs59tk1JoPVvtvNsvAgqu0Nlpj5Y/qoQbnT8jCnfuoHcsfGnw==

terminal-kit@^3.0.0:
  version "3.0.0"
  resolved "https://registry.yarnpkg.com/terminal-kit/-/terminal-kit-3.0.0.tgz#dda22245f3a6b991c2e14b45dcac1024168b1b17"
  integrity sha512-GSJGYF0+hoFylKJXmq0ntE42b4S7zUkxFpf7FqHGwKFPCNeGkuv3jV0tmGquZkmfh5mYb/B2xoPJiP40mJsQrg==
  dependencies:
    "@cronvel/get-pixels" "^3.4.1"
    chroma-js "^2.4.2"
    lazyness "^1.2.0"
    ndarray "^1.0.19"
    nextgen-events "^1.5.3"
    seventh "^0.8.1"
    string-kit "^0.17.6"
    tree-kit "^0.7.4"

tree-kit@^0.7.4:
  version "0.7.5"
  resolved "https://registry.yarnpkg.com/tree-kit/-/tree-kit-0.7.5.tgz#573ffe1ddcf1545ade67ec24f7478e6299fb608f"
  integrity sha512-CmyY7d0OYE5W6UCmvij+SaocG7z+q4roF+Oj7BtU8B+KlpdiRZRMUwNyqfmWYcpYgsOcY1/dfIx/VsLmbAOLGg==

uniq@^1.0.0:
  version "1.0.1"
  resolved "https://registry.yarnpkg.com/uniq/-/uniq-1.0.1.tgz#b31c5ae8254844a3a8281541ce2b04b865a734ff"
  integrity sha512-Gw+zz50YNKPDKXs+9d+aKAjVwpjNwqzvNpLigIruT4HA9lMZNdMqs9x07kKHB/L9WRzqp4+DlTU5s4wG2esdoA==

yauzl@^2.10.0:
  version "2.10.0"
  resolved "https://registry.yarnpkg.com/yauzl/-/yauzl-2.10.0.tgz#c7eb17c93e112cb1086fa6d8e51fb0667b79a5f9"
  integrity sha512-p4a9I6X6nu6IhoGmBqAcbJy1mlC4j27vEPZX9F4L4/vZT3Lyq1VkFHw/V/PUcB9Buo+DG3iHkT0x3Qya58zc3g==
  dependencies:
    buffer-crc32 "~0.2.3"
    fd-slicer "~1.1.0"

yazl@^2.5.1:
  version "2.5.1"
  resolved "https://registry.yarnpkg.com/yazl/-/yazl-2.5.1.tgz#a3d65d3dd659a5b0937850e8609f22fffa2b5c35"
  integrity sha512-phENi2PLiHnHb6QBVot+dJnaAZ0xosj7p3fWl+znIjBDlnMI2PsZCJZ306BPTFOaHf5qdDEI8x5qFrSOBN5vrw==
  dependencies:
    buffer-crc32 "~0.2.3"

zip-lib@^0.7.3:
  version "0.7.3"
  resolved "https://registry.yarnpkg.com/zip-lib/-/zip-lib-0.7.3.tgz#0f0c425569a79f7ef3641208bab53244ff23ff60"
  integrity sha512-hp40KYzTJvoaCRr2t6hztlPnVmHYqDUDiIn0hlfAFwVBs3/jwkLy8aZ7NVGHECeWH2Tv8WPwWyR6QuWYarIjJQ==
  dependencies:
    yauzl "^2.10.0"
    yazl "^2.5.1"
